
Microsoft Visual Studio Solution File, Format Version 12.00
# Visual Studio Version 16
VisualStudioVersion = 16.0.31729.503
MinimumVisualStudioVersion = 10.0.40219.1
Project("{FAE04EC0-301F-11D3-BF4B-00C04F79EFBC}") = "AspPractise1", "AspPractise1\AspPractise1.csproj", "{51DBDABF-258F-46F8-8329-FC9F619274BF}"
EndProject
Global
	GlobalSection(SolutionConfigurationPlatforms) = preSolution
		Debug|Any CPU = Debug|Any CPU
		Release|Any CPU = Release|Any CPU
	EndGlobalSection
	GlobalSection(ProjectConfigurationPlatforms) = postSolution
		{51DBDABF-258F-46F8-8329-FC9F619274BF}.Debug|Any CPU.ActiveCfg = Debug|Any CPU
		{51DBDABF-258F-46F8-8329-FC9F619274BF}.Debug|Any CPU.Build.0 = Debug|Any CPU
		{51DBDABF-258F-46F8-8329-FC9F619274BF}.Release|Any CPU.ActiveCfg = Release|Any CPU
		{51DBDABF-258F-46F8-8329-FC9F619274BF}.Release|Any CPU.Build.0 = Release|Any CPU
	EndGlobalSection
	GlobalSection(SolutionProperties) = preSolution
		HideSolutionNode = FALSE
	EndGlobalSection
	GlobalSection(ExtensibilityGlobals) = postSolution
		SolutionGuid = {AC2F8DDD-E216-4F6F-9A39-AC7E1CED8D3F}
	EndGlobalSection
EndGlobal
