
Microsoft Visual Studio Solution File, Format Version 12.00
# Visual Studio Version 16
VisualStudioVersion = 16.0.31702.278
MinimumVisualStudioVersion = 10.0.40219.1
Project("{FAE04EC0-301F-11D3-BF4B-00C04F79EFBC}") = "usman", "usman\usman.csproj", "{149C7D6A-7992-4E9F-BCC6-275BE81444CC}"
EndProject
Global
	GlobalSection(SolutionConfigurationPlatforms) = preSolution
		Debug|Any CPU = Debug|Any CPU
		Release|Any CPU = Release|Any CPU
	EndGlobalSection
	GlobalSection(ProjectConfigurationPlatforms) = postSolution
		{149C7D6A-7992-4E9F-BCC6-275BE81444CC}.Debug|Any CPU.ActiveCfg = Debug|Any CPU
		{149C7D6A-7992-4E9F-BCC6-275BE81444CC}.Debug|Any CPU.Build.0 = Debug|Any CPU
		{149C7D6A-7992-4E9F-BCC6-275BE81444CC}.Release|Any CPU.ActiveCfg = Release|Any CPU
		{149C7D6A-7992-4E9F-BCC6-275BE81444CC}.Release|Any CPU.Build.0 = Release|Any CPU
	EndGlobalSection
	GlobalSection(SolutionProperties) = preSolution
		HideSolutionNode = FALSE
	EndGlobalSection
	GlobalSection(ExtensibilityGlobals) = postSolution
		SolutionGuid = {908BF1CE-6C3B-4848-889B-0C501E5932D9}
	EndGlobalSection
EndGlobal
