
Microsoft Visual Studio Solution File, Format Version 12.00
# Visual Studio Version 16
VisualStudioVersion = 16.0.31702.278
MinimumVisualStudioVersion = 10.0.40219.1
Project("{FAE04EC0-301F-11D3-BF4B-00C04F79EFBC}") = "practise", "practise\practise.csproj", "{7948E671-2FBB-4E53-A39D-C5B7B177A70B}"
EndProject
Global
	GlobalSection(SolutionConfigurationPlatforms) = preSolution
		Debug|Any CPU = Debug|Any CPU
		Release|Any CPU = Release|Any CPU
	EndGlobalSection
	GlobalSection(ProjectConfigurationPlatforms) = postSolution
		{7948E671-2FBB-4E53-A39D-C5B7B177A70B}.Debug|Any CPU.ActiveCfg = Debug|Any CPU
		{7948E671-2FBB-4E53-A39D-C5B7B177A70B}.Debug|Any CPU.Build.0 = Debug|Any CPU
		{7948E671-2FBB-4E53-A39D-C5B7B177A70B}.Release|Any CPU.ActiveCfg = Release|Any CPU
		{7948E671-2FBB-4E53-A39D-C5B7B177A70B}.Release|Any CPU.Build.0 = Release|Any CPU
	EndGlobalSection
	GlobalSection(SolutionProperties) = preSolution
		HideSolutionNode = FALSE
	EndGlobalSection
	GlobalSection(ExtensibilityGlobals) = postSolution
		SolutionGuid = {3A3F8594-3173-4966-994C-777EB69A65BD}
	EndGlobalSection
EndGlobal
