
Microsoft Visual Studio Solution File, Format Version 12.00
# Visual Studio Version 16
VisualStudioVersion = 16.0.31729.503
MinimumVisualStudioVersion = 10.0.40219.1
Project("{FAE04EC0-301F-11D3-BF4B-00C04F79EFBC}") = "DBProblem", "DBProblem\DBProblem.csproj", "{AC0D1CCA-8EEF-4438-8549-47FDC66323FB}"
EndProject
Global
	GlobalSection(SolutionConfigurationPlatforms) = preSolution
		Debug|Any CPU = Debug|Any CPU
		Release|Any CPU = Release|Any CPU
	EndGlobalSection
	GlobalSection(ProjectConfigurationPlatforms) = postSolution
		{AC0D1CCA-8EEF-4438-8549-47FDC66323FB}.Debug|Any CPU.ActiveCfg = Debug|Any CPU
		{AC0D1CCA-8EEF-4438-8549-47FDC66323FB}.Debug|Any CPU.Build.0 = Debug|Any CPU
		{AC0D1CCA-8EEF-4438-8549-47FDC66323FB}.Release|Any CPU.ActiveCfg = Release|Any CPU
		{AC0D1CCA-8EEF-4438-8549-47FDC66323FB}.Release|Any CPU.Build.0 = Release|Any CPU
	EndGlobalSection
	GlobalSection(SolutionProperties) = preSolution
		HideSolutionNode = FALSE
	EndGlobalSection
	GlobalSection(ExtensibilityGlobals) = postSolution
		SolutionGuid = {6F403773-F53D-4908-956C-23BFB9AE0E48}
	EndGlobalSection
EndGlobal
