
Microsoft Visual Studio Solution File, Format Version 12.00
# Visual Studio Version 16
VisualStudioVersion = 16.0.31702.278
MinimumVisualStudioVersion = 10.0.40219.1
Project("{FAE04EC0-301F-11D3-BF4B-00C04F79EFBC}") = "lab4", "lab4\lab4.csproj", "{BB27868D-2A2D-44F2-AE01-131D1F7DDA3F}"
EndProject
Global
	GlobalSection(SolutionConfigurationPlatforms) = preSolution
		Debug|Any CPU = Debug|Any CPU
		Release|Any CPU = Release|Any CPU
	EndGlobalSection
	GlobalSection(ProjectConfigurationPlatforms) = postSolution
		{BB27868D-2A2D-44F2-AE01-131D1F7DDA3F}.Debug|Any CPU.ActiveCfg = Debug|Any CPU
		{BB27868D-2A2D-44F2-AE01-131D1F7DDA3F}.Debug|Any CPU.Build.0 = Debug|Any CPU
		{BB27868D-2A2D-44F2-AE01-131D1F7DDA3F}.Release|Any CPU.ActiveCfg = Release|Any CPU
		{BB27868D-2A2D-44F2-AE01-131D1F7DDA3F}.Release|Any CPU.Build.0 = Release|Any CPU
	EndGlobalSection
	GlobalSection(SolutionProperties) = preSolution
		HideSolutionNode = FALSE
	EndGlobalSection
	GlobalSection(ExtensibilityGlobals) = postSolution
		SolutionGuid = {67F40C68-EBBF-4411-88C9-38BDBD0E2966}
	EndGlobalSection
EndGlobal
