
Microsoft Visual Studio Solution File, Format Version 12.00
# Visual Studio Version 16
VisualStudioVersion = 16.0.31702.278
MinimumVisualStudioVersion = 10.0.40219.1
Project("{FAE04EC0-301F-11D3-BF4B-00C04F79EFBC}") = "WpfApp1", "WpfApp1\WpfApp1.csproj", "{08998AF3-3872-49B8-A1DA-47B323FBB49F}"
EndProject
Global
	GlobalSection(SolutionConfigurationPlatforms) = preSolution
		Debug|Any CPU = Debug|Any CPU
		Release|Any CPU = Release|Any CPU
	EndGlobalSection
	GlobalSection(ProjectConfigurationPlatforms) = postSolution
		{08998AF3-3872-49B8-A1DA-47B323FBB49F}.Debug|Any CPU.ActiveCfg = Debug|Any CPU
		{08998AF3-3872-49B8-A1DA-47B323FBB49F}.Debug|Any CPU.Build.0 = Debug|Any CPU
		{08998AF3-3872-49B8-A1DA-47B323FBB49F}.Release|Any CPU.ActiveCfg = Release|Any CPU
		{08998AF3-3872-49B8-A1DA-47B323FBB49F}.Release|Any CPU.Build.0 = Release|Any CPU
	EndGlobalSection
	GlobalSection(SolutionProperties) = preSolution
		HideSolutionNode = FALSE
	EndGlobalSection
	GlobalSection(ExtensibilityGlobals) = postSolution
		SolutionGuid = {F4E52991-E22B-45C6-99D9-37DF0867931B}
	EndGlobalSection
EndGlobal
